
Microsoft Visual Studio Solution File, Format Version 12.00
# Visual Studio Version 17
VisualStudioVersion = 17.4.33110.190
MinimumVisualStudioVersion = 10.0.40219.1
Project("{FAE04EC0-301F-11D3-BF4B-00C04F79EFBC}") = "TransactionService", "TransactionService\TransactionService.csproj", "{451B6F0C-9D73-4DB6-A635-95553DAAA4B1}"
EndProject
Project("{FAE04EC0-301F-11D3-BF4B-00C04F79EFBC}") = "TransactionService.Tests", "TransactionService.Tests\TransactionService.Tests.csproj", "{F8C1C69D-8A29-40F5-B037-53031E12C2B1}"
EndProject
Global
	GlobalSection(SolutionProperties) = preSolution
		HideSolutionNode = FALSE
	EndGlobalSection
	GlobalSection(ExtensibilityGlobals) = postSolution
		SolutionGuid = {5993EFB8-45C0-494E-9E21-738F90B51739}
	EndGlobalSection
	GlobalSection(SolutionConfigurationPlatforms) = preSolution
		Debug|Any CPU = Debug|Any CPU
		Debug|x64 = Debug|x64
		Debug|x86 = Debug|x86
		Release|Any CPU = Release|Any CPU
		Release|x64 = Release|x64
		Release|x86 = Release|x86
	EndGlobalSection
	GlobalSection(ProjectConfigurationPlatforms) = postSolution
		{451B6F0C-9D73-4DB6-A635-95553DAAA4B1}.Debug|Any CPU.ActiveCfg = Debug|Any CPU
		{451B6F0C-9D73-4DB6-A635-95553DAAA4B1}.Debug|Any CPU.Build.0 = Debug|Any CPU
		{451B6F0C-9D73-4DB6-A635-95553DAAA4B1}.Debug|x64.ActiveCfg = Debug|Any CPU
		{451B6F0C-9D73-4DB6-A635-95553DAAA4B1}.Debug|x64.Build.0 = Debug|Any CPU
		{451B6F0C-9D73-4DB6-A635-95553DAAA4B1}.Debug|x86.ActiveCfg = Debug|Any CPU
		{451B6F0C-9D73-4DB6-A635-95553DAAA4B1}.Debug|x86.Build.0 = Debug|Any CPU
		{451B6F0C-9D73-4DB6-A635-95553DAAA4B1}.Release|Any CPU.ActiveCfg = Release|Any CPU
		{451B6F0C-9D73-4DB6-A635-95553DAAA4B1}.Release|Any CPU.Build.0 = Release|Any CPU
		{451B6F0C-9D73-4DB6-A635-95553DAAA4B1}.Release|x64.ActiveCfg = Release|Any CPU
		{451B6F0C-9D73-4DB6-A635-95553DAAA4B1}.Release|x64.Build.0 = Release|Any CPU
		{451B6F0C-9D73-4DB6-A635-95553DAAA4B1}.Release|x86.ActiveCfg = Release|Any CPU
		{451B6F0C-9D73-4DB6-A635-95553DAAA4B1}.Release|x86.Build.0 = Release|Any CPU
		{F8C1C69D-8A29-40F5-B037-53031E12C2B1}.Debug|Any CPU.ActiveCfg = Debug|Any CPU
		{F8C1C69D-8A29-40F5-B037-53031E12C2B1}.Debug|Any CPU.Build.0 = Debug|Any CPU
		{F8C1C69D-8A29-40F5-B037-53031E12C2B1}.Debug|x64.ActiveCfg = Debug|Any CPU
		{F8C1C69D-8A29-40F5-B037-53031E12C2B1}.Debug|x64.Build.0 = Debug|Any CPU
		{F8C1C69D-8A29-40F5-B037-53031E12C2B1}.Debug|x86.ActiveCfg = Debug|Any CPU
		{F8C1C69D-8A29-40F5-B037-53031E12C2B1}.Debug|x86.Build.0 = Debug|Any CPU
		{F8C1C69D-8A29-40F5-B037-53031E12C2B1}.Release|Any CPU.ActiveCfg = Release|Any CPU
		{F8C1C69D-8A29-40F5-B037-53031E12C2B1}.Release|Any CPU.Build.0 = Release|Any CPU
		{F8C1C69D-8A29-40F5-B037-53031E12C2B1}.Release|x64.ActiveCfg = Release|Any CPU
		{F8C1C69D-8A29-40F5-B037-53031E12C2B1}.Release|x64.Build.0 = Release|Any CPU
		{F8C1C69D-8A29-40F5-B037-53031E12C2B1}.Release|x86.ActiveCfg = Release|Any CPU
		{F8C1C69D-8A29-40F5-B037-53031E12C2B1}.Release|x86.Build.0 = Release|Any CPU
	EndGlobalSection
EndGlobal
